# THIS IS AN AUTOGENERATED FILE. DO NOT EDIT THIS FILE DIRECTLY.
# yarn lockfile v1


csv-parse@^5.0.4:
  version "5.0.4"
  resolved "https://registry.yarnpkg.com/csv-parse/-/csv-parse-5.0.4.tgz#97e5e654413bcf95f2714ce09bcb2be6de0eb8e3"
  integrity sha512-5AIdl8l6n3iYQYxan5djB5eKDa+vBnhfWZtRpJTcrETWfVLYN0WSj3L9RwvgYt+psoO77juUr8TG8qpfGZifVQ==

jaconv@^1.0.4:
  version "1.0.4"
  resolved "https://registry.yarnpkg.com/jaconv/-/jaconv-1.0.4.tgz#0cffeeea50c14651b66eb6cfe38705b0cbb2c1df"
  integrity sha512-7cB2JN+sMAf5zpdeclDh1Rzqi5E/9fX348GsRg83HrusRvBFDqsRKH+czME55glrW3nBcBYrOzl9OCp7r39psg==
